// !$*UTF8*$!
{
	archiveVersion = 1;
	classes = {
	};
	objectVersion = 60;
	objects = {

/* Begin PBXBuildFile section */
		240CFDA32B4CAF3900B12212 /* SeedHabits.swift in Sources */ = {isa = PBXBuildFile; fileRef = 240CFDA22B4CAF3900B12212 /* SeedHabits.swift */; };
		241000F52B537510003D6B9E /* Foundation+Extensions.swift in Sources */ = {isa = PBXBuildFile; fileRef = 241000F42B537510003D6B9E /* Foundation+Extensions.swift */; };
		241272F72B4A4A4E00CC2C2F /* FruitfulApp.swift in Sources */ = {isa = PBXBuildFile; fileRef = 241272F62B4A4A4E00CC2C2F /* FruitfulApp.swift */; };
		241272F92B4A4A4E00CC2C2F /* ContentView.swift in Sources */ = {isa = PBXBuildFile; fileRef = 241272F82B4A4A4E00CC2C2F /* ContentView.swift */; };
		241272FB2B4A4A4E00CC2C2F /* Habit.swift in Sources */ = {isa = PBXBuildFile; fileRef = 241272FA2B4A4A4E00CC2C2F /* Habit.swift */; };
		241272FD2B4A4A4F00CC2C2F /* Assets.xcassets in Resources */ = {isa = PBXBuildFile; fileRef = 241272FC2B4A4A4F00CC2C2F /* Assets.xcassets */; };
		241273012B4A4A4F00CC2C2F /* Preview Assets.xcassets in Resources */ = {isa = PBXBuildFile; fileRef = 241273002B4A4A4F00CC2C2F /* Preview Assets.xcassets */; };
		242B2D2F2B4CE7BF0064075F /* HabitListItem.swift in Sources */ = {isa = PBXBuildFile; fileRef = 242B2D2E2B4CE7BF0064075F /* HabitListItem.swift */; };
		245EC1BC2B4A5B1800B0EEAD /* HabitEdit.swift in Sources */ = {isa = PBXBuildFile; fileRef = 245EC1BB2B4A5B1800B0EEAD /* HabitEdit.swift */; };
		245EC1BF2B4A5E7C00B0EEAD /* ModelContainer.swift in Sources */ = {isa = PBXBuildFile; fileRef = 245EC1BE2B4A5E7C00B0EEAD /* ModelContainer.swift */; };
		2461A6962B54B463004CBB29 /* SwiftUI+Extensions.swift in Sources */ = {isa = PBXBuildFile; fileRef = 2461A6952B54B463004CBB29 /* SwiftUI+Extensions.swift */; };
		247317842B4CBBAE00F7A6EC /* HabitEntry.swift in Sources */ = {isa = PBXBuildFile; fileRef = 247317832B4CBBAE00F7A6EC /* HabitEntry.swift */; };
		249DB82A2B4B2A3E007F3841 /* ProgressCircle.swift in Sources */ = {isa = PBXBuildFile; fileRef = 249DB8292B4B2A3E007F3841 /* ProgressCircle.swift */; };
/* End PBXBuildFile section */

/* Begin PBXFileReference section */
		240CFDA22B4CAF3900B12212 /* SeedHabits.swift */ = {isa = PBXFileReference; lastKnownFileType = sourcecode.swift; path = SeedHabits.swift; sourceTree = "<group>"; };
		241000F42B537510003D6B9E /* Foundation+Extensions.swift */ = {isa = PBXFileReference; lastKnownFileType = sourcecode.swift; path = "Foundation+Extensions.swift"; sourceTree = "<group>"; };
		241272F32B4A4A4E00CC2C2F /* Fruitful.app */ = {isa = PBXFileReference; explicitFileType = wrapper.application; includeInIndex = 0; path = Fruitful.app; sourceTree = BUILT_PRODUCTS_DIR; };
		241272F62B4A4A4E00CC2C2F /* FruitfulApp.swift */ = {isa = PBXFileReference; lastKnownFileType = sourcecode.swift; path = FruitfulApp.swift; sourceTree = "<group>"; };
		241272F82B4A4A4E00CC2C2F /* ContentView.swift */ = {isa = PBXFileReference; lastKnownFileType = sourcecode.swift; path = ContentView.swift; sourceTree = "<group>"; };
		241272FA2B4A4A4E00CC2C2F /* Habit.swift */ = {isa = PBXFileReference; lastKnownFileType = sourcecode.swift; path = Habit.swift; sourceTree = "<group>"; };
		241272FC2B4A4A4F00CC2C2F /* Assets.xcassets */ = {isa = PBXFileReference; lastKnownFileType = folder.assetcatalog; path = Assets.xcassets; sourceTree = "<group>"; };
		241272FE2B4A4A4F00CC2C2F /* Fruitful.entitlements */ = {isa = PBXFileReference; lastKnownFileType = text.plist.entitlements; path = Fruitful.entitlements; sourceTree = "<group>"; };
		241273002B4A4A4F00CC2C2F /* Preview Assets.xcassets */ = {isa = PBXFileReference; lastKnownFileType = folder.assetcatalog; path = "Preview Assets.xcassets"; sourceTree = "<group>"; };
		241273022B4A4A4F00CC2C2F /* Info.plist */ = {isa = PBXFileReference; lastKnownFileType = text.plist.xml; path = Info.plist; sourceTree = "<group>"; };
		242B2D2E2B4CE7BF0064075F /* HabitListItem.swift */ = {isa = PBXFileReference; lastKnownFileType = sourcecode.swift; path = HabitListItem.swift; sourceTree = "<group>"; };
		245EC1BB2B4A5B1800B0EEAD /* HabitEdit.swift */ = {isa = PBXFileReference; lastKnownFileType = sourcecode.swift; path = HabitEdit.swift; sourceTree = "<group>"; };
		245EC1BE2B4A5E7C00B0EEAD /* ModelContainer.swift */ = {isa = PBXFileReference; lastKnownFileType = sourcecode.swift; path = ModelContainer.swift; sourceTree = "<group>"; };
		2461A6952B54B463004CBB29 /* SwiftUI+Extensions.swift */ = {isa = PBXFileReference; lastKnownFileType = sourcecode.swift; path = "SwiftUI+Extensions.swift"; sourceTree = "<group>"; };
		247317832B4CBBAE00F7A6EC /* HabitEntry.swift */ = {isa = PBXFileReference; lastKnownFileType = sourcecode.swift; path = HabitEntry.swift; sourceTree = "<group>"; };
		249DB8292B4B2A3E007F3841 /* ProgressCircle.swift */ = {isa = PBXFileReference; fileEncoding = 4; lastKnownFileType = sourcecode.swift; path = ProgressCircle.swift; sourceTree = "<group>"; };
/* End PBXFileReference section */

/* Begin PBXFrameworksBuildPhase section */
		241272F02B4A4A4E00CC2C2F /* Frameworks */ = {
			isa = PBXFrameworksBuildPhase;
			buildActionMask = 2147483647;
			files = (
			);
			runOnlyForDeploymentPostprocessing = 0;
		};
/* End PBXFrameworksBuildPhase section */

/* Begin PBXGroup section */
		241272EA2B4A4A4E00CC2C2F = {
			isa = PBXGroup;
			children = (
				241272F62B4A4A4E00CC2C2F /* FruitfulApp.swift */,
				2461A6942B54B44F004CBB29 /* Extensions */,
				241272F52B4A4A4E00CC2C2F /* Views */,
				241273082B4A4A7900CC2C2F /* Models */,
				249DB8282B4B2974007F3841 /* Assets */,
				241272F42B4A4A4E00CC2C2F /* Products */,
			);
			sourceTree = "<group>";
		};
		241272F42B4A4A4E00CC2C2F /* Products */ = {
			isa = PBXGroup;
			children = (
				241272F32B4A4A4E00CC2C2F /* Fruitful.app */,
			);
			name = Products;
			sourceTree = "<group>";
		};
		241272F52B4A4A4E00CC2C2F /* Views */ = {
			isa = PBXGroup;
			children = (
				241272F82B4A4A4E00CC2C2F /* ContentView.swift */,
				242B2D2E2B4CE7BF0064075F /* HabitListItem.swift */,
				245EC1BB2B4A5B1800B0EEAD /* HabitEdit.swift */,
				249DB8292B4B2A3E007F3841 /* ProgressCircle.swift */,
			);
			path = Views;
			sourceTree = "<group>";
		};
		241272FF2B4A4A4F00CC2C2F /* Preview Content */ = {
			isa = PBXGroup;
			children = (
				241273002B4A4A4F00CC2C2F /* Preview Assets.xcassets */,
			);
			path = "Preview Content";
			sourceTree = "<group>";
		};
		241273082B4A4A7900CC2C2F /* Models */ = {
			isa = PBXGroup;
			children = (
				245EC1BE2B4A5E7C00B0EEAD /* ModelContainer.swift */,
				241272FA2B4A4A4E00CC2C2F /* Habit.swift */,
				247317832B4CBBAE00F7A6EC /* HabitEntry.swift */,
			);
			path = Models;
			sourceTree = "<group>";
		};
		2461A6942B54B44F004CBB29 /* Extensions */ = {
			isa = PBXGroup;
			children = (
				241000F42B537510003D6B9E /* Foundation+Extensions.swift */,
				2461A6952B54B463004CBB29 /* SwiftUI+Extensions.swift */,
			);
			path = Extensions;
			sourceTree = "<group>";
		};
		249DB8282B4B2974007F3841 /* Assets */ = {
			isa = PBXGroup;
			children = (
				241272FC2B4A4A4F00CC2C2F /* Assets.xcassets */,
				241273022B4A4A4F00CC2C2F /* Info.plist */,
				241272FE2B4A4A4F00CC2C2F /* Fruitful.entitlements */,
				241272FF2B4A4A4F00CC2C2F /* Preview Content */,
				240CFDA22B4CAF3900B12212 /* SeedHabits.swift */,
			);
			path = Assets;
			sourceTree = "<group>";
		};
/* End PBXGroup section */

/* Begin PBXNativeTarget section */
		241272F22B4A4A4E00CC2C2F /* Fruitful */ = {
			isa = PBXNativeTarget;
			buildConfigurationList = 241273052B4A4A4F00CC2C2F /* Build configuration list for PBXNativeTarget "Fruitful" */;
			buildPhases = (
				241272EF2B4A4A4E00CC2C2F /* Sources */,
				241272F02B4A4A4E00CC2C2F /* Frameworks */,
				241272F12B4A4A4E00CC2C2F /* Resources */,
			);
			buildRules = (
			);
			dependencies = (
			);
			name = Fruitful;
			productName = Fruitful;
			productReference = 241272F32B4A4A4E00CC2C2F /* Fruitful.app */;
			productType = "com.apple.product-type.application";
		};
/* End PBXNativeTarget section */

/* Begin PBXProject section */
		241272EB2B4A4A4E00CC2C2F /* Project object */ = {
			isa = PBXProject;
			attributes = {
				BuildIndependentTargetsInParallel = 1;
				LastSwiftUpdateCheck = 1510;
				LastUpgradeCheck = 1520;
				TargetAttributes = {
					241272F22B4A4A4E00CC2C2F = {
						CreatedOnToolsVersion = 15.1;
					};
				};
			};
			buildConfigurationList = 241272EE2B4A4A4E00CC2C2F /* Build configuration list for PBXProject "Fruitful" */;
			compatibilityVersion = "Xcode 15.0";
			developmentRegion = en;
			hasScannedForEncodings = 0;
			knownRegions = (
				en,
				Base,
			);
			mainGroup = 241272EA2B4A4A4E00CC2C2F;
			productRefGroup = 241272F42B4A4A4E00CC2C2F /* Products */;
			projectDirPath = "";
			projectRoot = "";
			targets = (
				241272F22B4A4A4E00CC2C2F /* Fruitful */,
			);
		};
/* End PBXProject section */

/* Begin PBXResourcesBuildPhase section */
		241272F12B4A4A4E00CC2C2F /* Resources */ = {
			isa = PBXResourcesBuildPhase;
			buildActionMask = 2147483647;
			files = (
				241273012B4A4A4F00CC2C2F /* Preview Assets.xcassets in Resources */,
				241272FD2B4A4A4F00CC2C2F /* Assets.xcassets in Resources */,
			);
			runOnlyForDeploymentPostprocessing = 0;
		};
/* End PBXResourcesBuildPhase section */

/* Begin PBXSourcesBuildPhase section */
		241272EF2B4A4A4E00CC2C2F /* Sources */ = {
			isa = PBXSourcesBuildPhase;
			buildActionMask = 2147483647;
			files = (
				245EC1BF2B4A5E7C00B0EEAD /* ModelContainer.swift in Sources */,
				2461A6962B54B463004CBB29 /* SwiftUI+Extensions.swift in Sources */,
				245EC1BC2B4A5B1800B0EEAD /* HabitEdit.swift in Sources */,
				241272F92B4A4A4E00CC2C2F /* ContentView.swift in Sources */,
				241272FB2B4A4A4E00CC2C2F /* Habit.swift in Sources */,
				249DB82A2B4B2A3E007F3841 /* ProgressCircle.swift in Sources */,
				242B2D2F2B4CE7BF0064075F /* HabitListItem.swift in Sources */,
				247317842B4CBBAE00F7A6EC /* HabitEntry.swift in Sources */,
				240CFDA32B4CAF3900B12212 /* SeedHabits.swift in Sources */,
				241000F52B537510003D6B9E /* Foundation+Extensions.swift in Sources */,
				241272F72B4A4A4E00CC2C2F /* FruitfulApp.swift in Sources */,
			);
			runOnlyForDeploymentPostprocessing = 0;
		};
/* End PBXSourcesBuildPhase section */

/* Begin XCBuildConfiguration section */
		241273032B4A4A4F00CC2C2F /* Debug */ = {
			isa = XCBuildConfiguration;
			buildSettings = {
				ALWAYS_SEARCH_USER_PATHS = NO;
				ASSETCATALOG_COMPILER_GENERATE_SWIFT_ASSET_SYMBOL_EXTENSIONS = YES;
				CLANG_ANALYZER_NONNULL = YES;
				CLANG_ANALYZER_NUMBER_OBJECT_CONVERSION = YES_AGGRESSIVE;
				CLANG_CXX_LANGUAGE_STANDARD = "gnu++20";
				CLANG_ENABLE_MODULES = YES;
				CLANG_ENABLE_OBJC_ARC = YES;
				CLANG_ENABLE_OBJC_WEAK = YES;
				CLANG_WARN_BLOCK_CAPTURE_AUTORELEASING = YES;
				CLANG_WARN_BOOL_CONVERSION = YES;
				CLANG_WARN_COMMA = YES;
				CLANG_WARN_CONSTANT_CONVERSION = YES;
				CLANG_WARN_DEPRECATED_OBJC_IMPLEMENTATIONS = YES;
				CLANG_WARN_DIRECT_OBJC_ISA_USAGE = YES_ERROR;
				CLANG_WARN_DOCUMENTATION_COMMENTS = YES;
				CLANG_WARN_EMPTY_BODY = YES;
				CLANG_WARN_ENUM_CONVERSION = YES;
				CLANG_WARN_INFINITE_RECURSION = YES;
				CLANG_WARN_INT_CONVERSION = YES;
				CLANG_WARN_NON_LITERAL_NULL_CONVERSION = YES;
				CLANG_WARN_OBJC_IMPLICIT_RETAIN_SELF = YES;
				CLANG_WARN_OBJC_LITERAL_CONVERSION = YES;
				CLANG_WARN_OBJC_ROOT_CLASS = YES_ERROR;
				CLANG_WARN_QUOTED_INCLUDE_IN_FRAMEWORK_HEADER = YES;
				CLANG_WARN_RANGE_LOOP_ANALYSIS = YES;
				CLANG_WARN_STRICT_PROTOTYPES = YES;
				CLANG_WARN_SUSPICIOUS_MOVE = YES;
				CLANG_WARN_UNGUARDED_AVAILABILITY = YES_AGGRESSIVE;
				CLANG_WARN_UNREACHABLE_CODE = YES;
				CLANG_WARN__DUPLICATE_METHOD_MATCH = YES;
				COPY_PHASE_STRIP = NO;
				DEAD_CODE_STRIPPING = YES;
				DEBUG_INFORMATION_FORMAT = dwarf;
				ENABLE_STRICT_OBJC_MSGSEND = YES;
				ENABLE_TESTABILITY = YES;
				ENABLE_USER_SCRIPT_SANDBOXING = YES;
				GCC_C_LANGUAGE_STANDARD = gnu17;
				GCC_DYNAMIC_NO_PIC = NO;
				GCC_NO_COMMON_BLOCKS = YES;
				GCC_OPTIMIZATION_LEVEL = 0;
				GCC_PREPROCESSOR_DEFINITIONS = (
					"DEBUG=1",
					"$(inherited)",
				);
				GCC_WARN_64_TO_32_BIT_CONVERSION = YES;
				GCC_WARN_ABOUT_RETURN_TYPE = YES_ERROR;
				GCC_WARN_UNDECLARED_SELECTOR = YES;
				GCC_WARN_UNINITIALIZED_AUTOS = YES_AGGRESSIVE;
				GCC_WARN_UNUSED_FUNCTION = YES;
				GCC_WARN_UNUSED_VARIABLE = YES;
				LOCALIZATION_PREFERS_STRING_CATALOGS = YES;
				MTL_ENABLE_DEBUG_INFO = INCLUDE_SOURCE;
				MTL_FAST_MATH = YES;
				ONLY_ACTIVE_ARCH = YES;
				SWIFT_ACTIVE_COMPILATION_CONDITIONS = "DEBUG $(inherited)";
				SWIFT_OPTIMIZATION_LEVEL = "-Onone";
			};
			name = Debug;
		};
		241273042B4A4A4F00CC2C2F /* Release */ = {
			isa = XCBuildConfiguration;
			buildSettings = {
				ALWAYS_SEARCH_USER_PATHS = NO;
				ASSETCATALOG_COMPILER_GENERATE_SWIFT_ASSET_SYMBOL_EXTENSIONS = YES;
				CLANG_ANALYZER_NONNULL = YES;
				CLANG_ANALYZER_NUMBER_OBJECT_CONVERSION = YES_AGGRESSIVE;
				CLANG_CXX_LANGUAGE_STANDARD = "gnu++20";
				CLANG_ENABLE_MODULES = YES;
				CLANG_ENABLE_OBJC_ARC = YES;
				CLANG_ENABLE_OBJC_WEAK = YES;
				CLANG_WARN_BLOCK_CAPTURE_AUTORELEASING = YES;
				CLANG_WARN_BOOL_CONVERSION = YES;
				CLANG_WARN_COMMA = YES;
				CLANG_WARN_CONSTANT_CONVERSION = YES;
				CLANG_WARN_DEPRECATED_OBJC_IMPLEMENTATIONS = YES;
				CLANG_WARN_DIRECT_OBJC_ISA_USAGE = YES_ERROR;
				CLANG_WARN_DOCUMENTATION_COMMENTS = YES;
				CLANG_WARN_EMPTY_BODY = YES;
				CLANG_WARN_ENUM_CONVERSION = YES;
				CLANG_WARN_INFINITE_RECURSION = YES;
				CLANG_WARN_INT_CONVERSION = YES;
				CLANG_WARN_NON_LITERAL_NULL_CONVERSION = YES;
				CLANG_WARN_OBJC_IMPLICIT_RETAIN_SELF = YES;
				CLANG_WARN_OBJC_LITERAL_CONVERSION = YES;
				CLANG_WARN_OBJC_ROOT_CLASS = YES_ERROR;
				CLANG_WARN_QUOTED_INCLUDE_IN_FRAMEWORK_HEADER = YES;
				CLANG_WARN_RANGE_LOOP_ANALYSIS = YES;
				CLANG_WARN_STRICT_PROTOTYPES = YES;
				CLANG_WARN_SUSPICIOUS_MOVE = YES;
				CLANG_WARN_UNGUARDED_AVAILABILITY = YES_AGGRESSIVE;
				CLANG_WARN_UNREACHABLE_CODE = YES;
				CLANG_WARN__DUPLICATE_METHOD_MATCH = YES;
				COPY_PHASE_STRIP = NO;
				DEAD_CODE_STRIPPING = YES;
				DEBUG_INFORMATION_FORMAT = "dwarf-with-dsym";
				ENABLE_NS_ASSERTIONS = NO;
				ENABLE_STRICT_OBJC_MSGSEND = YES;
				ENABLE_USER_SCRIPT_SANDBOXING = YES;
				GCC_C_LANGUAGE_STANDARD = gnu17;
				GCC_NO_COMMON_BLOCKS = YES;
				GCC_WARN_64_TO_32_BIT_CONVERSION = YES;
				GCC_WARN_ABOUT_RETURN_TYPE = YES_ERROR;
				GCC_WARN_UNDECLARED_SELECTOR = YES;
				GCC_WARN_UNINITIALIZED_AUTOS = YES_AGGRESSIVE;
				GCC_WARN_UNUSED_FUNCTION = YES;
				GCC_WARN_UNUSED_VARIABLE = YES;
				LOCALIZATION_PREFERS_STRING_CATALOGS = YES;
				MTL_ENABLE_DEBUG_INFO = NO;
				MTL_FAST_MATH = YES;
				SWIFT_COMPILATION_MODE = wholemodule;
			};
			name = Release;
		};
		241273062B4A4A4F00CC2C2F /* Debug */ = {
			isa = XCBuildConfiguration;
			buildSettings = {
				ASSETCATALOG_COMPILER_APPICON_NAME = AppIcon;
				ASSETCATALOG_COMPILER_GLOBAL_ACCENT_COLOR_NAME = AccentColor;
				CODE_SIGN_ENTITLEMENTS = Assets/Fruitful.entitlements;
				CODE_SIGN_STYLE = Automatic;
				CURRENT_PROJECT_VERSION = 1;
				DEAD_CODE_STRIPPING = YES;
				DEVELOPMENT_ASSET_PATHS = "\"Assets/Preview Content\"";
				DEVELOPMENT_TEAM = P3YWQG9C86;
				ENABLE_HARDENED_RUNTIME = YES;
				ENABLE_PREVIEWS = YES;
				GENERATE_INFOPLIST_FILE = YES;
				INFOPLIST_FILE = Assets/Info.plist;
				"INFOPLIST_KEY_UIApplicationSceneManifest_Generation[sdk=iphoneos*]" = YES;
				"INFOPLIST_KEY_UIApplicationSceneManifest_Generation[sdk=iphonesimulator*]" = YES;
				"INFOPLIST_KEY_UIApplicationSupportsIndirectInputEvents[sdk=iphoneos*]" = YES;
				"INFOPLIST_KEY_UIApplicationSupportsIndirectInputEvents[sdk=iphonesimulator*]" = YES;
				"INFOPLIST_KEY_UILaunchScreen_Generation[sdk=iphoneos*]" = YES;
				"INFOPLIST_KEY_UILaunchScreen_Generation[sdk=iphonesimulator*]" = YES;
				"INFOPLIST_KEY_UIStatusBarStyle[sdk=iphoneos*]" = UIStatusBarStyleDefault;
				"INFOPLIST_KEY_UIStatusBarStyle[sdk=iphonesimulator*]" = UIStatusBarStyleDefault;
				INFOPLIST_KEY_UISupportedInterfaceOrientations_iPad = "UIInterfaceOrientationPortrait UIInterfaceOrientationPortraitUpsideDown UIInterfaceOrientationLandscapeLeft UIInterfaceOrientationLandscapeRight";
				INFOPLIST_KEY_UISupportedInterfaceOrientations_iPhone = "UIInterfaceOrientationPortrait UIInterfaceOrientationLandscapeLeft UIInterfaceOrientationLandscapeRight";
				IPHONEOS_DEPLOYMENT_TARGET = 17.2;
				LD_RUNPATH_SEARCH_PATHS = "@executable_path/Frameworks";
				"LD_RUNPATH_SEARCH_PATHS[sdk=macosx*]" = "@executable_path/../Frameworks";
				MACOSX_DEPLOYMENT_TARGET = 14.0;
				MARKETING_VERSION = 1.0;
				PRODUCT_BUNDLE_IDENTIFIER = is.ky.Fruitful;
				PRODUCT_NAME = "$(TARGET_NAME)";
				SDKROOT = auto;
				SUPPORTED_PLATFORMS = "iphoneos iphonesimulator macosx";
				SWIFT_EMIT_LOC_STRINGS = YES;
				SWIFT_VERSION = 5.0;
				TARGETED_DEVICE_FAMILY = "1,2";
			};
			name = Debug;
		};
		241273072B4A4A4F00CC2C2F /* Release */ = {
			isa = XCBuildConfiguration;
			buildSettings = {
				ASSETCATALOG_COMPILER_APPICON_NAME = AppIcon;
				ASSETCATALOG_COMPILER_GLOBAL_ACCENT_COLOR_NAME = AccentColor;
				CODE_SIGN_ENTITLEMENTS = Assets/Fruitful.entitlements;
				CODE_SIGN_STYLE = Automatic;
				CURRENT_PROJECT_VERSION = 1;
				DEAD_CODE_STRIPPING = YES;
				DEVELOPMENT_ASSET_PATHS = "\"Assets/Preview Content\"";
				DEVELOPMENT_TEAM = P3YWQG9C86;
				ENABLE_HARDENED_RUNTIME = YES;
				ENABLE_PREVIEWS = YES;
				GENERATE_INFOPLIST_FILE = YES;
				INFOPLIST_FILE = Assets/Info.plist;
				"INFOPLIST_KEY_UIApplicationSceneManifest_Generation[sdk=iphoneos*]" = YES;
				"INFOPLIST_KEY_UIApplicationSceneManifest_Generation[sdk=iphonesimulator*]" = YES;
				"INFOPLIST_KEY_UIApplicationSupportsIndirectInputEvents[sdk=iphoneos*]" = YES;
				"INFOPLIST_KEY_UIApplicationSupportsIndirectInputEvents[sdk=iphonesimulator*]" = YES;
				"INFOPLIST_KEY_UILaunchScreen_Generation[sdk=iphoneos*]" = YES;
				"INFOPLIST_KEY_UILaunchScreen_Generation[sdk=iphonesimulator*]" = YES;
				"INFOPLIST_KEY_UIStatusBarStyle[sdk=iphoneos*]" = UIStatusBarStyleDefault;
				"INFOPLIST_KEY_UIStatusBarStyle[sdk=iphonesimulator*]" = UIStatusBarStyleDefault;
				INFOPLIST_KEY_UISupportedInterfaceOrientations_iPad = "UIInterfaceOrientationPortrait UIInterfaceOrientationPortraitUpsideDown UIInterfaceOrientationLandscapeLeft UIInterfaceOrientationLandscapeRight";
				INFOPLIST_KEY_UISupportedInterfaceOrientations_iPhone = "UIInterfaceOrientationPortrait UIInterfaceOrientationLandscapeLeft UIInterfaceOrientationLandscapeRight";
				IPHONEOS_DEPLOYMENT_TARGET = 17.2;
				LD_RUNPATH_SEARCH_PATHS = "@executable_path/Frameworks";
				"LD_RUNPATH_SEARCH_PATHS[sdk=macosx*]" = "@executable_path/../Frameworks";
				MACOSX_DEPLOYMENT_TARGET = 14.0;
				MARKETING_VERSION = 1.0;
				PRODUCT_BUNDLE_IDENTIFIER = is.ky.Fruitful;
				PRODUCT_NAME = "$(TARGET_NAME)";
				SDKROOT = auto;
				SUPPORTED_PLATFORMS = "iphoneos iphonesimulator macosx";
				SWIFT_EMIT_LOC_STRINGS = YES;
				SWIFT_VERSION = 5.0;
				TARGETED_DEVICE_FAMILY = "1,2";
			};
			name = Release;
		};
/* End XCBuildConfiguration section */

/* Begin XCConfigurationList section */
		241272EE2B4A4A4E00CC2C2F /* Build configuration list for PBXProject "Fruitful" */ = {
			isa = XCConfigurationList;
			buildConfigurations = (
				241273032B4A4A4F00CC2C2F /* Debug */,
				241273042B4A4A4F00CC2C2F /* Release */,
			);
			defaultConfigurationIsVisible = 0;
			defaultConfigurationName = Release;
		};
		241273052B4A4A4F00CC2C2F /* Build configuration list for PBXNativeTarget "Fruitful" */ = {
			isa = XCConfigurationList;
			buildConfigurations = (
				241273062B4A4A4F00CC2C2F /* Debug */,
				241273072B4A4A4F00CC2C2F /* Release */,
			);
			defaultConfigurationIsVisible = 0;
			defaultConfigurationName = Release;
		};
/* End XCConfigurationList section */
	};
	rootObject = 241272EB2B4A4A4E00CC2C2F /* Project object */;
}
